
Microsoft Visual Studio Solution File, Format Version 12.00
# Visual Studio 15
VisualStudioVersion = 15.0.26124.0
MinimumVisualStudioVersion = 15.0.26124.0
Project("{FAE04EC0-301F-11D3-BF4B-00C04F79EFBC}") = "BaltaStore.Api", "BaltaStore.Api\BaltaStore.Api.csproj", "{08E097F6-4650-41AC-BB60-962F50A6A7B2}"
EndProject
Project("{FAE04EC0-301F-11D3-BF4B-00C04F79EFBC}") = "BaltaStore.Domain", "BaltaStore.Domain\BaltaStore.Domain.csproj", "{BF41D21A-798D-4CB5-9C5B-3F8246639E46}"
EndProject
Project("{FAE04EC0-301F-11D3-BF4B-00C04F79EFBC}") = "BaltaStore.Infra", "BaltaStore.Infra\BaltaStore.Infra.csproj", "{352743BC-4498-467A-8624-F97978C59769}"
EndProject
Project("{FAE04EC0-301F-11D3-BF4B-00C04F79EFBC}") = "BaltaStore.Shared", "BaltaStore.Shared\BaltaStore.Shared.csproj", "{C45E80C8-C6B8-4478-952A-B50A01E347D5}"
EndProject
Project("{FAE04EC0-301F-11D3-BF4B-00C04F79EFBC}") = "BaltaStore.Tests", "BaltaStore.Tests\BaltaStore.Tests.csproj", "{2724EED0-DD01-4236-A07B-9D591067FC39}"
EndProject
Global
	GlobalSection(SolutionConfigurationPlatforms) = preSolution
		Debug|Any CPU = Debug|Any CPU
		Debug|x64 = Debug|x64
		Debug|x86 = Debug|x86
		Release|Any CPU = Release|Any CPU
		Release|x64 = Release|x64
		Release|x86 = Release|x86
	EndGlobalSection
	GlobalSection(SolutionProperties) = preSolution
		HideSolutionNode = FALSE
	EndGlobalSection
	GlobalSection(ProjectConfigurationPlatforms) = postSolution
		{08E097F6-4650-41AC-BB60-962F50A6A7B2}.Debug|Any CPU.ActiveCfg = Debug|Any CPU
		{08E097F6-4650-41AC-BB60-962F50A6A7B2}.Debug|Any CPU.Build.0 = Debug|Any CPU
		{08E097F6-4650-41AC-BB60-962F50A6A7B2}.Debug|x64.ActiveCfg = Debug|Any CPU
		{08E097F6-4650-41AC-BB60-962F50A6A7B2}.Debug|x64.Build.0 = Debug|Any CPU
		{08E097F6-4650-41AC-BB60-962F50A6A7B2}.Debug|x86.ActiveCfg = Debug|Any CPU
		{08E097F6-4650-41AC-BB60-962F50A6A7B2}.Debug|x86.Build.0 = Debug|Any CPU
		{08E097F6-4650-41AC-BB60-962F50A6A7B2}.Release|Any CPU.ActiveCfg = Release|Any CPU
		{08E097F6-4650-41AC-BB60-962F50A6A7B2}.Release|Any CPU.Build.0 = Release|Any CPU
		{08E097F6-4650-41AC-BB60-962F50A6A7B2}.Release|x64.ActiveCfg = Release|Any CPU
		{08E097F6-4650-41AC-BB60-962F50A6A7B2}.Release|x64.Build.0 = Release|Any CPU
		{08E097F6-4650-41AC-BB60-962F50A6A7B2}.Release|x86.ActiveCfg = Release|Any CPU
		{08E097F6-4650-41AC-BB60-962F50A6A7B2}.Release|x86.Build.0 = Release|Any CPU
		{BF41D21A-798D-4CB5-9C5B-3F8246639E46}.Debug|Any CPU.ActiveCfg = Debug|Any CPU
		{BF41D21A-798D-4CB5-9C5B-3F8246639E46}.Debug|Any CPU.Build.0 = Debug|Any CPU
		{BF41D21A-798D-4CB5-9C5B-3F8246639E46}.Debug|x64.ActiveCfg = Debug|Any CPU
		{BF41D21A-798D-4CB5-9C5B-3F8246639E46}.Debug|x64.Build.0 = Debug|Any CPU
		{BF41D21A-798D-4CB5-9C5B-3F8246639E46}.Debug|x86.ActiveCfg = Debug|Any CPU
		{BF41D21A-798D-4CB5-9C5B-3F8246639E46}.Debug|x86.Build.0 = Debug|Any CPU
		{BF41D21A-798D-4CB5-9C5B-3F8246639E46}.Release|Any CPU.ActiveCfg = Release|Any CPU
		{BF41D21A-798D-4CB5-9C5B-3F8246639E46}.Release|Any CPU.Build.0 = Release|Any CPU
		{BF41D21A-798D-4CB5-9C5B-3F8246639E46}.Release|x64.ActiveCfg = Release|Any CPU
		{BF41D21A-798D-4CB5-9C5B-3F8246639E46}.Release|x64.Build.0 = Release|Any CPU
		{BF41D21A-798D-4CB5-9C5B-3F8246639E46}.Release|x86.ActiveCfg = Release|Any CPU
		{BF41D21A-798D-4CB5-9C5B-3F8246639E46}.Release|x86.Build.0 = Release|Any CPU
		{352743BC-4498-467A-8624-F97978C59769}.Debug|Any CPU.ActiveCfg = Debug|Any CPU
		{352743BC-4498-467A-8624-F97978C59769}.Debug|Any CPU.Build.0 = Debug|Any CPU
		{352743BC-4498-467A-8624-F97978C59769}.Debug|x64.ActiveCfg = Debug|Any CPU
		{352743BC-4498-467A-8624-F97978C59769}.Debug|x64.Build.0 = Debug|Any CPU
		{352743BC-4498-467A-8624-F97978C59769}.Debug|x86.ActiveCfg = Debug|Any CPU
		{352743BC-4498-467A-8624-F97978C59769}.Debug|x86.Build.0 = Debug|Any CPU
		{352743BC-4498-467A-8624-F97978C59769}.Release|Any CPU.ActiveCfg = Release|Any CPU
		{352743BC-4498-467A-8624-F97978C59769}.Release|Any CPU.Build.0 = Release|Any CPU
		{352743BC-4498-467A-8624-F97978C59769}.Release|x64.ActiveCfg = Release|Any CPU
		{352743BC-4498-467A-8624-F97978C59769}.Release|x64.Build.0 = Release|Any CPU
		{352743BC-4498-467A-8624-F97978C59769}.Release|x86.ActiveCfg = Release|Any CPU
		{352743BC-4498-467A-8624-F97978C59769}.Release|x86.Build.0 = Release|Any CPU
		{C45E80C8-C6B8-4478-952A-B50A01E347D5}.Debug|Any CPU.ActiveCfg = Debug|Any CPU
		{C45E80C8-C6B8-4478-952A-B50A01E347D5}.Debug|Any CPU.Build.0 = Debug|Any CPU
		{C45E80C8-C6B8-4478-952A-B50A01E347D5}.Debug|x64.ActiveCfg = Debug|Any CPU
		{C45E80C8-C6B8-4478-952A-B50A01E347D5}.Debug|x64.Build.0 = Debug|Any CPU
		{C45E80C8-C6B8-4478-952A-B50A01E347D5}.Debug|x86.ActiveCfg = Debug|Any CPU
		{C45E80C8-C6B8-4478-952A-B50A01E347D5}.Debug|x86.Build.0 = Debug|Any CPU
		{C45E80C8-C6B8-4478-952A-B50A01E347D5}.Release|Any CPU.ActiveCfg = Release|Any CPU
		{C45E80C8-C6B8-4478-952A-B50A01E347D5}.Release|Any CPU.Build.0 = Release|Any CPU
		{C45E80C8-C6B8-4478-952A-B50A01E347D5}.Release|x64.ActiveCfg = Release|Any CPU
		{C45E80C8-C6B8-4478-952A-B50A01E347D5}.Release|x64.Build.0 = Release|Any CPU
		{C45E80C8-C6B8-4478-952A-B50A01E347D5}.Release|x86.ActiveCfg = Release|Any CPU
		{C45E80C8-C6B8-4478-952A-B50A01E347D5}.Release|x86.Build.0 = Release|Any CPU
		{2724EED0-DD01-4236-A07B-9D591067FC39}.Debug|Any CPU.ActiveCfg = Debug|Any CPU
		{2724EED0-DD01-4236-A07B-9D591067FC39}.Debug|Any CPU.Build.0 = Debug|Any CPU
		{2724EED0-DD01-4236-A07B-9D591067FC39}.Debug|x64.ActiveCfg = Debug|Any CPU
		{2724EED0-DD01-4236-A07B-9D591067FC39}.Debug|x64.Build.0 = Debug|Any CPU
		{2724EED0-DD01-4236-A07B-9D591067FC39}.Debug|x86.ActiveCfg = Debug|Any CPU
		{2724EED0-DD01-4236-A07B-9D591067FC39}.Debug|x86.Build.0 = Debug|Any CPU
		{2724EED0-DD01-4236-A07B-9D591067FC39}.Release|Any CPU.ActiveCfg = Release|Any CPU
		{2724EED0-DD01-4236-A07B-9D591067FC39}.Release|Any CPU.Build.0 = Release|Any CPU
		{2724EED0-DD01-4236-A07B-9D591067FC39}.Release|x64.ActiveCfg = Release|Any CPU
		{2724EED0-DD01-4236-A07B-9D591067FC39}.Release|x64.Build.0 = Release|Any CPU
		{2724EED0-DD01-4236-A07B-9D591067FC39}.Release|x86.ActiveCfg = Release|Any CPU
		{2724EED0-DD01-4236-A07B-9D591067FC39}.Release|x86.Build.0 = Release|Any CPU
	EndGlobalSection
EndGlobal
